
Microsoft Visual Studio Solution File, Format Version 12.00
# Visual Studio Version 16
VisualStudioVersion = 16.0.29728.190
MinimumVisualStudioVersion = 10.0.40219.1
Project("{FAE04EC0-301F-11D3-BF4B-00C04F79EFBC}") = "ConsoleApp1", "ConsoleApp1.csproj", "{AD6A1C08-C939-4AC6-80CA-70E3C868DE36}"
EndProject
Global
	GlobalSection(SolutionConfigurationPlatforms) = preSolution
		Debug|Any CPU = Debug|Any CPU
		Release|Any CPU = Release|Any CPU
	EndGlobalSection
	GlobalSection(ProjectConfigurationPlatforms) = postSolution
		{AD6A1C08-C939-4AC6-80CA-70E3C868DE36}.Debug|Any CPU.ActiveCfg = Debug|Any CPU
		{AD6A1C08-C939-4AC6-80CA-70E3C868DE36}.Debug|Any CPU.Build.0 = Debug|Any CPU
		{AD6A1C08-C939-4AC6-80CA-70E3C868DE36}.Release|Any CPU.ActiveCfg = Release|Any CPU
		{AD6A1C08-C939-4AC6-80CA-70E3C868DE36}.Release|Any CPU.Build.0 = Release|Any CPU
	EndGlobalSection
	GlobalSection(SolutionProperties) = preSolution
		HideSolutionNode = FALSE
	EndGlobalSection
	GlobalSection(ExtensibilityGlobals) = postSolution
		SolutionGuid = {C443A72F-635E-43F5-BA7B-276EA22FE047}
	EndGlobalSection
EndGlobal
