
Microsoft Visual Studio Solution File, Format Version 12.00
# Visual Studio Version 16
VisualStudioVersion = 16.0.29728.190
MinimumVisualStudioVersion = 10.0.40219.1
Project("{FAE04EC0-301F-11D3-BF4B-00C04F79EFBC}") = "OCP", "OCP.csproj", "{BC8E1408-21FB-419A-A7C2-04A3CE242F77}"
EndProject
Project("{FAE04EC0-301F-11D3-BF4B-00C04F79EFBC}") = "ISP", "..\ISP\ISP.csproj", "{CF170E0F-55A4-453D-AC09-8AB802251FE6}"
EndProject
Project("{FAE04EC0-301F-11D3-BF4B-00C04F79EFBC}") = "LSP", "..\LSP\LSP.csproj", "{86A3766F-905B-41AD-BC11-71F6A1C12EBA}"
EndProject
Global
	GlobalSection(SolutionConfigurationPlatforms) = preSolution
		Debug|Any CPU = Debug|Any CPU
		Release|Any CPU = Release|Any CPU
	EndGlobalSection
	GlobalSection(ProjectConfigurationPlatforms) = postSolution
		{BC8E1408-21FB-419A-A7C2-04A3CE242F77}.Debug|Any CPU.ActiveCfg = Debug|Any CPU
		{BC8E1408-21FB-419A-A7C2-04A3CE242F77}.Debug|Any CPU.Build.0 = Debug|Any CPU
		{BC8E1408-21FB-419A-A7C2-04A3CE242F77}.Release|Any CPU.ActiveCfg = Release|Any CPU
		{BC8E1408-21FB-419A-A7C2-04A3CE242F77}.Release|Any CPU.Build.0 = Release|Any CPU
		{CF170E0F-55A4-453D-AC09-8AB802251FE6}.Debug|Any CPU.ActiveCfg = Debug|Any CPU
		{CF170E0F-55A4-453D-AC09-8AB802251FE6}.Debug|Any CPU.Build.0 = Debug|Any CPU
		{CF170E0F-55A4-453D-AC09-8AB802251FE6}.Release|Any CPU.ActiveCfg = Release|Any CPU
		{CF170E0F-55A4-453D-AC09-8AB802251FE6}.Release|Any CPU.Build.0 = Release|Any CPU
		{86A3766F-905B-41AD-BC11-71F6A1C12EBA}.Debug|Any CPU.ActiveCfg = Debug|Any CPU
		{86A3766F-905B-41AD-BC11-71F6A1C12EBA}.Debug|Any CPU.Build.0 = Debug|Any CPU
		{86A3766F-905B-41AD-BC11-71F6A1C12EBA}.Release|Any CPU.ActiveCfg = Release|Any CPU
		{86A3766F-905B-41AD-BC11-71F6A1C12EBA}.Release|Any CPU.Build.0 = Release|Any CPU
	EndGlobalSection
	GlobalSection(SolutionProperties) = preSolution
		HideSolutionNode = FALSE
	EndGlobalSection
	GlobalSection(ExtensibilityGlobals) = postSolution
		SolutionGuid = {22D88E2C-4D9D-4FCB-AF5E-BF901981603B}
	EndGlobalSection
EndGlobal
